
Microsoft Visual Studio Solution File, Format Version 12.00
# Visual Studio Version 17
VisualStudioVersion = 17.8.34330.188
MinimumVisualStudioVersion = 10.0.40219.1
Project("{9A19103F-16F7-4668-BE54-9A1E7A4F7556}") = "EcommerceAPI(String Queries)", "EcommerceAPI\EcommerceAPI(String Queries).csproj", "{2B5EB60A-EC6B-41EB-B0EB-4B1736CFEED6}"
EndProject
Project("{9A19103F-16F7-4668-BE54-9A1E7A4F7556}") = "EcommerceAPI(StoredProcedures)", "EcommerceAPI(StoredProcedures)\EcommerceAPI(StoredProcedures).csproj", "{0CC2FE98-1E0E-49EC-8D4A-F3B4637A2B1F}"
EndProject
Global
	GlobalSection(SolutionConfigurationPlatforms) = preSolution
		Debug|Any CPU = Debug|Any CPU
		Release|Any CPU = Release|Any CPU
	EndGlobalSection
	GlobalSection(ProjectConfigurationPlatforms) = postSolution
		{2B5EB60A-EC6B-41EB-B0EB-4B1736CFEED6}.Debug|Any CPU.ActiveCfg = Debug|Any CPU
		{2B5EB60A-EC6B-41EB-B0EB-4B1736CFEED6}.Debug|Any CPU.Build.0 = Debug|Any CPU
		{2B5EB60A-EC6B-41EB-B0EB-4B1736CFEED6}.Release|Any CPU.ActiveCfg = Release|Any CPU
		{2B5EB60A-EC6B-41EB-B0EB-4B1736CFEED6}.Release|Any CPU.Build.0 = Release|Any CPU
		{0CC2FE98-1E0E-49EC-8D4A-F3B4637A2B1F}.Debug|Any CPU.ActiveCfg = Debug|Any CPU
		{0CC2FE98-1E0E-49EC-8D4A-F3B4637A2B1F}.Debug|Any CPU.Build.0 = Debug|Any CPU
		{0CC2FE98-1E0E-49EC-8D4A-F3B4637A2B1F}.Release|Any CPU.ActiveCfg = Release|Any CPU
		{0CC2FE98-1E0E-49EC-8D4A-F3B4637A2B1F}.Release|Any CPU.Build.0 = Release|Any CPU
	EndGlobalSection
	GlobalSection(SolutionProperties) = preSolution
		HideSolutionNode = FALSE
	EndGlobalSection
	GlobalSection(ExtensibilityGlobals) = postSolution
		SolutionGuid = {E5F6C237-2B82-40E2-8878-0F1ABB9F32BE}
	EndGlobalSection
EndGlobal
